
Microsoft Visual Studio Solution File, Format Version 12.00
# Visual Studio Version 17
VisualStudioVersion = 17.8.34004.107
MinimumVisualStudioVersion = 10.0.40219.1
Project("{FAE04EC0-301F-11D3-BF4B-00C04F79EFBC}") = "Filshopfil", "Filshopfil\Filshopfil.csproj", "{B2D71EDE-6F55-4499-9175-5CC281961B52}"
EndProject
Project("{FAE04EC0-301F-11D3-BF4B-00C04F79EFBC}") = "filshopfilecor", "filshopfilecor\filshopfilecor.csproj", "{C2E45359-93D8-4596-ADCE-904C05F90028}"
EndProject
Project("{FAE04EC0-301F-11D3-BF4B-00C04F79EFBC}") = "filshopDatalayer", "filshopDatalayer\filshopDatalayer.csproj", "{A6EF782C-E69E-4711-8FA7-EC3BC47982DF}"
EndProject
Global
	GlobalSection(SolutionConfigurationPlatforms) = preSolution
		Debug|Any CPU = Debug|Any CPU
		Release|Any CPU = Release|Any CPU
	EndGlobalSection
	GlobalSection(ProjectConfigurationPlatforms) = postSolution
		{B2D71EDE-6F55-4499-9175-5CC281961B52}.Debug|Any CPU.ActiveCfg = Debug|Any CPU
		{B2D71EDE-6F55-4499-9175-5CC281961B52}.Debug|Any CPU.Build.0 = Debug|Any CPU
		{B2D71EDE-6F55-4499-9175-5CC281961B52}.Release|Any CPU.ActiveCfg = Release|Any CPU
		{B2D71EDE-6F55-4499-9175-5CC281961B52}.Release|Any CPU.Build.0 = Release|Any CPU
		{C2E45359-93D8-4596-ADCE-904C05F90028}.Debug|Any CPU.ActiveCfg = Debug|Any CPU
		{C2E45359-93D8-4596-ADCE-904C05F90028}.Debug|Any CPU.Build.0 = Debug|Any CPU
		{C2E45359-93D8-4596-ADCE-904C05F90028}.Release|Any CPU.ActiveCfg = Release|Any CPU
		{C2E45359-93D8-4596-ADCE-904C05F90028}.Release|Any CPU.Build.0 = Release|Any CPU
		{A6EF782C-E69E-4711-8FA7-EC3BC47982DF}.Debug|Any CPU.ActiveCfg = Debug|Any CPU
		{A6EF782C-E69E-4711-8FA7-EC3BC47982DF}.Debug|Any CPU.Build.0 = Debug|Any CPU
		{A6EF782C-E69E-4711-8FA7-EC3BC47982DF}.Release|Any CPU.ActiveCfg = Release|Any CPU
		{A6EF782C-E69E-4711-8FA7-EC3BC47982DF}.Release|Any CPU.Build.0 = Release|Any CPU
	EndGlobalSection
	GlobalSection(SolutionProperties) = preSolution
		HideSolutionNode = FALSE
	EndGlobalSection
	GlobalSection(ExtensibilityGlobals) = postSolution
		SolutionGuid = {257626E6-F00F-42D0-BFC5-31E6DE4F8DD0}
	EndGlobalSection
EndGlobal
